
Microsoft Visual Studio Solution File, Format Version 12.00
# Visual Studio Version 17
VisualStudioVersion = 17.4.33103.184
MinimumVisualStudioVersion = 10.0.40219.1
Project("{FAE04EC0-301F-11D3-BF4B-00C04F79EFBC}") = "randomgame", "randomgame\randomgame.csproj", "{AA080F81-A7EB-4AEE-8972-5D30C2BA514D}"
EndProject
Global
	GlobalSection(SolutionConfigurationPlatforms) = preSolution
		Debug|Any CPU = Debug|Any CPU
		Release|Any CPU = Release|Any CPU
	EndGlobalSection
	GlobalSection(ProjectConfigurationPlatforms) = postSolution
		{AA080F81-A7EB-4AEE-8972-5D30C2BA514D}.Debug|Any CPU.ActiveCfg = Debug|Any CPU
		{AA080F81-A7EB-4AEE-8972-5D30C2BA514D}.Debug|Any CPU.Build.0 = Debug|Any CPU
		{AA080F81-A7EB-4AEE-8972-5D30C2BA514D}.Release|Any CPU.ActiveCfg = Release|Any CPU
		{AA080F81-A7EB-4AEE-8972-5D30C2BA514D}.Release|Any CPU.Build.0 = Release|Any CPU
	EndGlobalSection
	GlobalSection(SolutionProperties) = preSolution
		HideSolutionNode = FALSE
	EndGlobalSection
	GlobalSection(ExtensibilityGlobals) = postSolution
		SolutionGuid = {9BECC0AA-E9FD-4831-9145-183995F75DE6}
	EndGlobalSection
EndGlobal
